
Microsoft Visual Studio Solution File, Format Version 12.00
# Visual Studio Version 17
VisualStudioVersion = 17.8.34330.188
MinimumVisualStudioVersion = 10.0.40219.1
Project("{888888A0-9F3D-457C-B088-3A5042F75D52}") = "Christopher-BoganCIS261IterationAndRecursion", "Christopher-BoganCIS261IterationAndRecursion.pyproj", "{19C1780C-8D42-4E55-ABA0-9281A0B14E55}"
EndProject
Global
	GlobalSection(SolutionConfigurationPlatforms) = preSolution
		Debug|Any CPU = Debug|Any CPU
		Release|Any CPU = Release|Any CPU
	EndGlobalSection
	GlobalSection(ProjectConfigurationPlatforms) = postSolution
		{19C1780C-8D42-4E55-ABA0-9281A0B14E55}.Debug|Any CPU.ActiveCfg = Debug|Any CPU
		{19C1780C-8D42-4E55-ABA0-9281A0B14E55}.Release|Any CPU.ActiveCfg = Release|Any CPU
	EndGlobalSection
	GlobalSection(SolutionProperties) = preSolution
		HideSolutionNode = FALSE
	EndGlobalSection
	GlobalSection(ExtensibilityGlobals) = postSolution
		SolutionGuid = {D7D66FFF-AC8A-4D46-BEA3-850B6F3FDDDD}
	EndGlobalSection
EndGlobal
